
Microsoft Visual Studio Solution File, Format Version 12.00
# Visual Studio 15
VisualStudioVersion = 15.0.27703.2000
MinimumVisualStudioVersion = 10.0.40219.1
Project("{FAE04EC0-301F-11D3-BF4B-00C04F79EFBC}") = "ABCDES-CSharp", "ABCDES-CSharp\ABCDES-CSharp.csproj", "{C64B5D2F-5856-4836-953E-62AC7A6D8659}"
EndProject
Global
	GlobalSection(SolutionConfigurationPlatforms) = preSolution
		Debug|Any CPU = Debug|Any CPU
		Release|Any CPU = Release|Any CPU
	EndGlobalSection
	GlobalSection(ProjectConfigurationPlatforms) = postSolution
		{C64B5D2F-5856-4836-953E-62AC7A6D8659}.Debug|Any CPU.ActiveCfg = Debug|Any CPU
		{C64B5D2F-5856-4836-953E-62AC7A6D8659}.Debug|Any CPU.Build.0 = Debug|Any CPU
		{C64B5D2F-5856-4836-953E-62AC7A6D8659}.Release|Any CPU.ActiveCfg = Release|Any CPU
		{C64B5D2F-5856-4836-953E-62AC7A6D8659}.Release|Any CPU.Build.0 = Release|Any CPU
	EndGlobalSection
	GlobalSection(SolutionProperties) = preSolution
		HideSolutionNode = FALSE
	EndGlobalSection
	GlobalSection(ExtensibilityGlobals) = postSolution
		SolutionGuid = {EC662DE1-1E74-4009-B532-140365CBEF8B}
	EndGlobalSection
EndGlobal
